
Microsoft Visual Studio Solution File, Format Version 11.00
# Visual Studio 2010
Project("{FAE04EC0-301F-11D3-BF4B-00C04F79EFBC}") = "NemanjasFacts", "NemanjasFacts\NemanjasFacts.csproj", "{1930253C-E282-430A-A502-D369E5461587}"
EndProject
Global
	GlobalSection(SolutionConfigurationPlatforms) = preSolution
		Debug|Any CPU = Debug|Any CPU
		Release|Any CPU = Release|Any CPU
	EndGlobalSection
	GlobalSection(ProjectConfigurationPlatforms) = postSolution
		{1930253C-E282-430A-A502-D369E5461587}.Debug|Any CPU.ActiveCfg = Debug|Any CPU
		{1930253C-E282-430A-A502-D369E5461587}.Debug|Any CPU.Build.0 = Debug|Any CPU
		{1930253C-E282-430A-A502-D369E5461587}.Release|Any CPU.ActiveCfg = Release|Any CPU
		{1930253C-E282-430A-A502-D369E5461587}.Release|Any CPU.Build.0 = Release|Any CPU
	EndGlobalSection
	GlobalSection(SolutionProperties) = preSolution
		HideSolutionNode = FALSE
	EndGlobalSection
EndGlobal
